
Microsoft Visual Studio Solution File, Format Version 12.00
# Visual Studio Version 16
VisualStudioVersion = 16.0.29709.97
MinimumVisualStudioVersion = 10.0.40219.1
Project("{FAE04EC0-301F-11D3-BF4B-00C04F79EFBC}") = "PiggyBankAssignment", "PiggyBankAssignment\PiggyBankAssignment.csproj", "{653B9074-634F-40F7-BFB3-5A2566288FE6}"
EndProject
Project("{FAE04EC0-301F-11D3-BF4B-00C04F79EFBC}") = "PiggyBankAssignmentTest", "PiggyBankAssignmentTest\PiggyBankAssignmentTest.csproj", "{1497E72A-32C6-4E51-8F94-C13D71AE55CB}"
EndProject
Global
	GlobalSection(SolutionConfigurationPlatforms) = preSolution
		Debug|Any CPU = Debug|Any CPU
		Release|Any CPU = Release|Any CPU
	EndGlobalSection
	GlobalSection(ProjectConfigurationPlatforms) = postSolution
		{653B9074-634F-40F7-BFB3-5A2566288FE6}.Debug|Any CPU.ActiveCfg = Debug|Any CPU
		{653B9074-634F-40F7-BFB3-5A2566288FE6}.Debug|Any CPU.Build.0 = Debug|Any CPU
		{653B9074-634F-40F7-BFB3-5A2566288FE6}.Release|Any CPU.ActiveCfg = Release|Any CPU
		{653B9074-634F-40F7-BFB3-5A2566288FE6}.Release|Any CPU.Build.0 = Release|Any CPU
		{1497E72A-32C6-4E51-8F94-C13D71AE55CB}.Debug|Any CPU.ActiveCfg = Debug|Any CPU
		{1497E72A-32C6-4E51-8F94-C13D71AE55CB}.Debug|Any CPU.Build.0 = Debug|Any CPU
		{1497E72A-32C6-4E51-8F94-C13D71AE55CB}.Release|Any CPU.ActiveCfg = Release|Any CPU
		{1497E72A-32C6-4E51-8F94-C13D71AE55CB}.Release|Any CPU.Build.0 = Release|Any CPU
	EndGlobalSection
	GlobalSection(SolutionProperties) = preSolution
		HideSolutionNode = FALSE
	EndGlobalSection
	GlobalSection(ExtensibilityGlobals) = postSolution
		SolutionGuid = {575BB85F-9C9F-4CC1-816D-B90CDD8EB8C1}
	EndGlobalSection
EndGlobal
