
Microsoft Visual Studio Solution File, Format Version 12.00
# Visual Studio Version 16
VisualStudioVersion = 16.0.30413.136
MinimumVisualStudioVersion = 10.0.40219.1
Project("{FAE04EC0-301F-11D3-BF4B-00C04F79EFBC}") = "MusicPlayerChallenge", "MusicPlayer\MusicPlayerChallenge.csproj", "{D2A68BC3-F10F-4F48-BCC0-7C251CE91C42}"
EndProject
Project("{FAE04EC0-301F-11D3-BF4B-00C04F79EFBC}") = "MusicPlayerTests", "MusicPlayerTests\MusicPlayerTests.csproj", "{148DF4F7-8A09-4358-B215-456235C05861}"
EndProject
Global
	GlobalSection(SolutionConfigurationPlatforms) = preSolution
		Debug|Any CPU = Debug|Any CPU
		Release|Any CPU = Release|Any CPU
	EndGlobalSection
	GlobalSection(ProjectConfigurationPlatforms) = postSolution
		{D2A68BC3-F10F-4F48-BCC0-7C251CE91C42}.Debug|Any CPU.ActiveCfg = Debug|Any CPU
		{D2A68BC3-F10F-4F48-BCC0-7C251CE91C42}.Debug|Any CPU.Build.0 = Debug|Any CPU
		{D2A68BC3-F10F-4F48-BCC0-7C251CE91C42}.Release|Any CPU.ActiveCfg = Release|Any CPU
		{D2A68BC3-F10F-4F48-BCC0-7C251CE91C42}.Release|Any CPU.Build.0 = Release|Any CPU
		{148DF4F7-8A09-4358-B215-456235C05861}.Debug|Any CPU.ActiveCfg = Debug|Any CPU
		{148DF4F7-8A09-4358-B215-456235C05861}.Debug|Any CPU.Build.0 = Debug|Any CPU
		{148DF4F7-8A09-4358-B215-456235C05861}.Release|Any CPU.ActiveCfg = Release|Any CPU
		{148DF4F7-8A09-4358-B215-456235C05861}.Release|Any CPU.Build.0 = Release|Any CPU
	EndGlobalSection
	GlobalSection(SolutionProperties) = preSolution
		HideSolutionNode = FALSE
	EndGlobalSection
	GlobalSection(ExtensibilityGlobals) = postSolution
		SolutionGuid = {9309800E-C157-4347-9A03-241441DF29C4}
	EndGlobalSection
EndGlobal
